<?xml version="1.0" encoding="utf-8"?>
<Project ToolsVersion="4.0" xmlns="http://schemas.microsoft.com/developer/msbuild/2003">
  <ItemGroup>
    <Filter Include="Source Files">
      <UniqueIdentifier>{4FC737F1-C7A5-4376-A066-2A32D752A2FF}</UniqueIdentifier>
      <Extensions>cpp;c;cc;cxx;c++;cppm;ixx;def;odl;idl;hpj;bat;asm;asmx</Extensions>
    </Filter>
    <Filter Include="Header Files">
      <UniqueIdentifier>{93995380-89BD-4b04-88EB-625FBE52EBFB}</UniqueIdentifier>
      <Extensions>h;hh;hpp;hxx;h++;hm;inl;inc;ipp;xsd</Extensions>
    </Filter>
    <Filter Include="Resource Files">
      <UniqueIdentifier>{67DA6AB6-F800-4c08-8B7A-83BB121AAD01}</UniqueIdentifier>
      <Extensions>rc;ico;cur;bmp;dlg;rc2;rct;bin;rgs;gif;jpg;jpeg;jpe;resx;tiff;tif;png;wav;mfcribbon-ms</Extensions>
    </Filter>
    <Filter Include="Source Files\external">
      <UniqueIdentifier>{087eda01-23a1-44e6-be91-6ffb7b8a3167}</UniqueIdentifier>
    </Filter>
    <Filter Include="Source Files\external\shrinkler">
      <UniqueIdentifier>{59173a0d-cf31-43a0-862e-05c1cd3b2a89}</UniqueIdentifier>
    </Filter>
    <Filter Include="Source Files\external\micromod">
      <UniqueIdentifier>{7b8981f4-fbec-4ea2-a660-72bbcbc5f23b}</UniqueIdentifier>
    </Filter>
  </ItemGroup>
  <ItemGroup>
    <ClCompile Include="crc32.cpp">
      <Filter>Source Files</Filter>
    </ClCompile>
    <ClCompile Include="LSPConvert.cpp">
      <Filter>Source Files</Filter>
    </ClCompile>
    <ClCompile Include="LSPDecoder.cpp">
      <Filter>Source Files</Filter>
    </ClCompile>
    <ClCompile Include="LSPEncoder.cpp">
      <Filter>Source Files</Filter>
    </ClCompile>
    <ClCompile Include="MemoryStream.cpp">
      <Filter>Source Files</Filter>
    </ClCompile>
    <ClCompile Include="PackingEstimate.cpp">
      <Filter>Source Files</Filter>
    </ClCompile>
    <ClCompile Include="Paula.cpp">
      <Filter>Source Files</Filter>
    </ClCompile>
    <ClCompile Include="ValueEncoder.cpp">
      <Filter>Source Files</Filter>
    </ClCompile>
    <ClCompile Include="WavWriter.cpp">
      <Filter>Source Files</Filter>
    </ClCompile>
    <ClCompile Include="external\micromod\micromod.cpp">
      <Filter>Source Files\external\micromod</Filter>
    </ClCompile>
  </ItemGroup>
  <ItemGroup>
    <ClInclude Include="external\micromod\micromod.h">
      <Filter>Source Files\external\micromod</Filter>
    </ClInclude>
    <ClInclude Include="external\Shrinkler\AmigaWords.h">
      <Filter>Source Files\external\shrinkler</Filter>
    </ClInclude>
    <ClInclude Include="external\Shrinkler\assert.h">
      <Filter>Source Files\external\shrinkler</Filter>
    </ClInclude>
    <ClInclude Include="external\Shrinkler\Coder.h">
      <Filter>Source Files\external\shrinkler</Filter>
    </ClInclude>
    <ClInclude Include="external\Shrinkler\CountingCoder.h">
      <Filter>Source Files\external\shrinkler</Filter>
    </ClInclude>
    <ClInclude Include="external\Shrinkler\CuckooHash.h">
      <Filter>Source Files\external\shrinkler</Filter>
    </ClInclude>
    <ClInclude Include="external\Shrinkler\DataFile.h">
      <Filter>Source Files\external\shrinkler</Filter>
    </ClInclude>
    <ClInclude Include="external\Shrinkler\Decoder.h">
      <Filter>Source Files\external\shrinkler</Filter>
    </ClInclude>
    <ClInclude Include="external\Shrinkler\DecrunchHeaders.h">
      <Filter>Source Files\external\shrinkler</Filter>
    </ClInclude>
    <ClInclude Include="external\Shrinkler\doshunks.h">
      <Filter>Source Files\external\shrinkler</Filter>
    </ClInclude>
    <ClInclude Include="external\Shrinkler\Heap.h">
      <Filter>Source Files\external\shrinkler</Filter>
    </ClInclude>
    <ClInclude Include="external\Shrinkler\HunkFile.h">
      <Filter>Source Files\external\shrinkler</Filter>
    </ClInclude>
    <ClInclude Include="external\Shrinkler\LZDecoder.h">
      <Filter>Source Files\external\shrinkler</Filter>
    </ClInclude>
    <ClInclude Include="external\Shrinkler\LZEncoder.h">
      <Filter>Source Files\external\shrinkler</Filter>
    </ClInclude>
    <ClInclude Include="external\Shrinkler\LZParser.h">
      <Filter>Source Files\external\shrinkler</Filter>
    </ClInclude>
    <ClInclude Include="external\Shrinkler\MatchFinder.h">
      <Filter>Source Files\external\shrinkler</Filter>
    </ClInclude>
    <ClInclude Include="external\Shrinkler\Pack.h">
      <Filter>Source Files\external\shrinkler</Filter>
    </ClInclude>
    <ClInclude Include="external\Shrinkler\RangeCoder.h">
      <Filter>Source Files\external\shrinkler</Filter>
    </ClInclude>
    <ClInclude Include="external\Shrinkler\RangeDecoder.h">
      <Filter>Source Files\external\shrinkler</Filter>
    </ClInclude>
    <ClInclude Include="external\Shrinkler\SizeMeasuringCoder.h">
      <Filter>Source Files\external\shrinkler</Filter>
    </ClInclude>
    <ClInclude Include="external\Shrinkler\SuffixArray.h">
      <Filter>Source Files\external\shrinkler</Filter>
    </ClInclude>
    <ClInclude Include="crc32.h">
      <Filter>Header Files</Filter>
    </ClInclude>
    <ClInclude Include="LSPDecoder.h">
      <Filter>Header Files</Filter>
    </ClInclude>
    <ClInclude Include="LSPEncoder.h">
      <Filter>Header Files</Filter>
    </ClInclude>
    <ClInclude Include="LSPTypes.h">
      <Filter>Header Files</Filter>
    </ClInclude>
    <ClInclude Include="MemoryStream.h">
      <Filter>Header Files</Filter>
    </ClInclude>
    <ClInclude Include="Paula.h">
      <Filter>Header Files</Filter>
    </ClInclude>
    <ClInclude Include="ValueEncoder.h">
      <Filter>Header Files</Filter>
    </ClInclude>
    <ClInclude Include="WavWriter.h">
      <Filter>Header Files</Filter>
    </ClInclude>
  </ItemGroup>
</Project>