<?xml version="1.0" encoding="utf-8"?>
<Project ToolsVersion="4.0" xmlns="http://schemas.microsoft.com/developer/msbuild/2003">
  <ItemGroup>
    <Filter Include="Source Files">
      <UniqueIdentifier>{4FC737F1-C7A5-4376-A066-2A32D752A2FF}</UniqueIdentifier>
      <Extensions>cpp;c;cc;cxx;c++;cppm;ixx;def;odl;idl;hpj;bat;asm;asmx</Extensions>
    </Filter>
    <Filter Include="Header Files">
      <UniqueIdentifier>{93995380-89BD-4b04-88EB-625FBE52EBFB}</UniqueIdentifier>
      <Extensions>h;hh;hpp;hxx;h++;hm;inl;inc;ipp;xsd</Extensions>
    </Filter>
    <Filter Include="Resource Files">
      <UniqueIdentifier>{67DA6AB6-F800-4c08-8B7A-83BB121AAD01}</UniqueIdentifier>
      <Extensions>rc;ico;cur;bmp;dlg;rc2;rct;bin;rgs;gif;jpg;jpeg;jpe;resx;tiff;tif;png;wav;mfcribbon-ms</Extensions>
    </Filter>
    <Filter Include="Source Files\external">
      <UniqueIdentifier>{087eda01-23a1-44e6-be91-6ffb7b8a3167}</UniqueIdentifier>
    </Filter>
    <Filter Include="Source Files\external\micromod">
      <UniqueIdentifier>{7b8981f4-fbec-4ea2-a660-72bbcbc5f23b}</UniqueIdentifier>
    </Filter>
    <Filter Include="Source Files\asm">
      <UniqueIdentifier>{4ba5dd99-dac8-4e88-a819-d0cd87f95e36}</UniqueIdentifier>
    </Filter>
  </ItemGroup>
  <ItemGroup>
    <ClCompile Include="crc32.cpp">
      <Filter>Source Files</Filter>
    </ClCompile>
    <ClCompile Include="LSPConvert.cpp">
      <Filter>Source Files</Filter>
    </ClCompile>
    <ClCompile Include="LSPDecoder.cpp">
      <Filter>Source Files</Filter>
    </ClCompile>
    <ClCompile Include="LSPEncoder.cpp">
      <Filter>Source Files</Filter>
    </ClCompile>
    <ClCompile Include="MemoryStream.cpp">
      <Filter>Source Files</Filter>
    </ClCompile>
    <ClCompile Include="Paula.cpp">
      <Filter>Source Files</Filter>
    </ClCompile>
    <ClCompile Include="ValueEncoder.cpp">
      <Filter>Source Files</Filter>
    </ClCompile>
    <ClCompile Include="WavWriter.cpp">
      <Filter>Source Files</Filter>
    </ClCompile>
    <ClCompile Include="external\micromod\micromod.cpp">
      <Filter>Source Files\external\micromod</Filter>
    </ClCompile>
    <ClCompile Include="adpcm.cpp">
      <Filter>Source Files</Filter>
    </ClCompile>
  </ItemGroup>
  <ItemGroup>
    <ClInclude Include="external\micromod\micromod.h">
      <Filter>Source Files\external\micromod</Filter>
    </ClInclude>
    <ClInclude Include="crc32.h">
      <Filter>Header Files</Filter>
    </ClInclude>
    <ClInclude Include="LSPDecoder.h">
      <Filter>Header Files</Filter>
    </ClInclude>
    <ClInclude Include="LSPEncoder.h">
      <Filter>Header Files</Filter>
    </ClInclude>
    <ClInclude Include="LSPTypes.h">
      <Filter>Header Files</Filter>
    </ClInclude>
    <ClInclude Include="MemoryStream.h">
      <Filter>Header Files</Filter>
    </ClInclude>
    <ClInclude Include="Paula.h">
      <Filter>Header Files</Filter>
    </ClInclude>
    <ClInclude Include="ValueEncoder.h">
      <Filter>Header Files</Filter>
    </ClInclude>
    <ClInclude Include="WavWriter.h">
      <Filter>Header Files</Filter>
    </ClInclude>
    <ClInclude Include="adpcm.h">
      <Filter>Header Files</Filter>
    </ClInclude>
  </ItemGroup>
  <ItemGroup>
    <None Include="..\LightSpeedPlayer.asm">
      <Filter>Source Files\asm</Filter>
    </None>
    <None Include="..\LightSpeedPlayer_cia.asm">
      <Filter>Source Files\asm</Filter>
    </None>
    <None Include="..\LightSpeedPlayer_Micro.asm">
      <Filter>Source Files\asm</Filter>
    </None>
  </ItemGroup>
</Project>